PODS:
  - DSWaveformImage (6.1.0)
  - Realm (4.3.1):
    - Realm/Headers (= 4.3.1)
  - Realm/Headers (4.3.1)
  - RealmSwift (4.3.1):
    - Realm (= 4.3.1)
  - SwipeCellKit (2.7.1)

DEPENDENCIES:
  - DSWaveformImage (~> 6.1)
  - RealmSwift
  - SwipeCellKit

SPEC REPOS:
  trunk:
    - DSWaveformImage
    - Realm
    - RealmSwift
    - SwipeCellKit

SPEC CHECKSUMS:
  DSWaveformImage: 1c0041e8413a0bc25f73955211e5b73c9f35812d
  Realm: 31dc40934081ef740f60feedc46d88473cbfeb40
  RealmSwift: b5199e9a41f67b99f51acf6874a6166f5fbe93d1
  SwipeCellKit: 3972254a826da74609926daf59b08d6c72e619ea

PODFILE CHECKSUM: 485d3464218d3d18f687dbc4760f9d7fd3ccc2a3

COCOAPODS: 1.8.4
